dependencies:
- name: snapshot-controller
  repository: https://piraeus.io/helm-charts/
  version: 3.0.6
- name: vsphere-cpi
  repository: https://vsphere-tmm.github.io/helm-charts
  version: 1.6.0
- name: common
  repository: https://charts.bitnami.com/bitnami
  version: 1.17.1
digest: sha256:7595bfdc2174f621a04750e36d6515b777adb4be26a7897058da8ae5cd909ee7
generated: "2024-10-29T10:07:30.262650493-04:00"
