dependencies:
- name: snapshot-controller
  repository: https://piraeus.io/helm-charts/
  version: 1.5.1
- name: snapshot-validation-webhook
  repository: https://piraeus.io/helm-charts/
  version: 1.5.0
- name: vsphere-cpi
  repository: https://vsphere-tmm.github.io/helm-charts
  version: 1.5.0
- name: common
  repository: https://charts.bitnami.com/bitnami
  version: 1.17.1
digest: sha256:85d5c81d4ef4a67e9df4300ce76180c3770de7dbce1d782e78b0be2f2a6d7cbc
generated: "2023-11-28T00:29:47.22804+01:00"
