dependencies:
- name: vsphere-cpi
  repository: https://vsphere-tmm.github.io/helm-charts
  version: 1.1.0
- name: common
  repository: https://charts.bitnami.com/bitnami
  version: 1.9.0
digest: sha256:6a3a742aaf76c082c10c784e71f5f2dd3e005b2120e552a5725d5000552b6034
generated: "2021-09-15T20:53:55.675452416+02:00"
